
Microsoft Visual Studio Solution File, Format Version 12.00
# Visual Studio Version 17
VisualStudioVersion = 17.7.34024.191
MinimumVisualStudioVersion = 10.0.40219.1
Project("{8BC9CEB8-8B4A-11D0-8D11-00A0C91BC942}") = "LB9.2_B", "LB9.2_B\LB9.2_B.vcxproj", "{F11273E5-01A9-4E9B-902F-1B1A957DC622}"
EndProject
Project("{8BC9CEB8-8B4A-11D0-8D11-00A0C91BC942}") = "UnitTest1", "UnitTest1\UnitTest1.vcxproj", "{7EDDA777-8AC1-42B4-81D1-14EED2218901}"
EndProject
Global
	GlobalSection(SolutionConfigurationPlatforms) = preSolution
		Debug|x64 = Debug|x64
		Debug|x86 = Debug|x86
		Release|x64 = Release|x64
		Release|x86 = Release|x86
	EndGlobalSection
	GlobalSection(ProjectConfigurationPlatforms) = postSolution
		{F11273E5-01A9-4E9B-902F-1B1A957DC622}.Debug|x64.ActiveCfg = Debug|x64
		{F11273E5-01A9-4E9B-902F-1B1A957DC622}.Debug|x64.Build.0 = Debug|x64
		{F11273E5-01A9-4E9B-902F-1B1A957DC622}.Debug|x86.ActiveCfg = Debug|Win32
		{F11273E5-01A9-4E9B-902F-1B1A957DC622}.Debug|x86.Build.0 = Debug|Win32
		{F11273E5-01A9-4E9B-902F-1B1A957DC622}.Release|x64.ActiveCfg = Release|x64
		{F11273E5-01A9-4E9B-902F-1B1A957DC622}.Release|x64.Build.0 = Release|x64
		{F11273E5-01A9-4E9B-902F-1B1A957DC622}.Release|x86.ActiveCfg = Release|Win32
		{F11273E5-01A9-4E9B-902F-1B1A957DC622}.Release|x86.Build.0 = Release|Win32
		{7EDDA777-8AC1-42B4-81D1-14EED2218901}.Debug|x64.ActiveCfg = Debug|x64
		{7EDDA777-8AC1-42B4-81D1-14EED2218901}.Debug|x64.Build.0 = Debug|x64
		{7EDDA777-8AC1-42B4-81D1-14EED2218901}.Debug|x86.ActiveCfg = Debug|Win32
		{7EDDA777-8AC1-42B4-81D1-14EED2218901}.Debug|x86.Build.0 = Debug|Win32
		{7EDDA777-8AC1-42B4-81D1-14EED2218901}.Release|x64.ActiveCfg = Release|x64
		{7EDDA777-8AC1-42B4-81D1-14EED2218901}.Release|x64.Build.0 = Release|x64
		{7EDDA777-8AC1-42B4-81D1-14EED2218901}.Release|x86.ActiveCfg = Release|Win32
		{7EDDA777-8AC1-42B4-81D1-14EED2218901}.Release|x86.Build.0 = Release|Win32
	EndGlobalSection
	GlobalSection(SolutionProperties) = preSolution
		HideSolutionNode = FALSE
	EndGlobalSection
	GlobalSection(ExtensibilityGlobals) = postSolution
		SolutionGuid = {F3B3AC67-1779-46AD-BD23-1213C2D05611}
	EndGlobalSection
EndGlobal
